
Microsoft Visual Studio Solution File, Format Version 12.00
# Visual Studio Version 17
VisualStudioVersion = 17.0.31912.275
MinimumVisualStudioVersion = 10.0.40219.1
Project("{FAE04EC0-301F-11D3-BF4B-00C04F79EFBC}") = "MatchesGame.Business", "MatchesGame.Business\MatchesGame.Business.csproj", "{9F36282D-ABE4-44D1-9057-DA2BA29EE276}"
EndProject
Project("{FAE04EC0-301F-11D3-BF4B-00C04F79EFBC}") = "MatchesGame.App.Console", "MatchesGame.App.Console\MatchesGame.App.Console.csproj", "{4C87C078-6A16-45AB-A82A-5DA331EB63D9}"
EndProject
Project("{FAE04EC0-301F-11D3-BF4B-00C04F79EFBC}") = "MatchesGame.Test", "MatchesGame.Test\MatchesGame.Test.csproj", "{1D5440DE-12A1-4398-A179-BD581BBD6E7C}"
EndProject
Global
	GlobalSection(SolutionConfigurationPlatforms) = preSolution
		Debug|Any CPU = Debug|Any CPU
		Release|Any CPU = Release|Any CPU
	EndGlobalSection
	GlobalSection(ProjectConfigurationPlatforms) = postSolution
		{9F36282D-ABE4-44D1-9057-DA2BA29EE276}.Debug|Any CPU.ActiveCfg = Debug|Any CPU
		{9F36282D-ABE4-44D1-9057-DA2BA29EE276}.Debug|Any CPU.Build.0 = Debug|Any CPU
		{9F36282D-ABE4-44D1-9057-DA2BA29EE276}.Release|Any CPU.ActiveCfg = Release|Any CPU
		{9F36282D-ABE4-44D1-9057-DA2BA29EE276}.Release|Any CPU.Build.0 = Release|Any CPU
		{4C87C078-6A16-45AB-A82A-5DA331EB63D9}.Debug|Any CPU.ActiveCfg = Debug|Any CPU
		{4C87C078-6A16-45AB-A82A-5DA331EB63D9}.Debug|Any CPU.Build.0 = Debug|Any CPU
		{4C87C078-6A16-45AB-A82A-5DA331EB63D9}.Release|Any CPU.ActiveCfg = Release|Any CPU
		{4C87C078-6A16-45AB-A82A-5DA331EB63D9}.Release|Any CPU.Build.0 = Release|Any CPU
		{1D5440DE-12A1-4398-A179-BD581BBD6E7C}.Debug|Any CPU.ActiveCfg = Debug|Any CPU
		{1D5440DE-12A1-4398-A179-BD581BBD6E7C}.Debug|Any CPU.Build.0 = Debug|Any CPU
		{1D5440DE-12A1-4398-A179-BD581BBD6E7C}.Release|Any CPU.ActiveCfg = Release|Any CPU
		{1D5440DE-12A1-4398-A179-BD581BBD6E7C}.Release|Any CPU.Build.0 = Release|Any CPU
	EndGlobalSection
	GlobalSection(SolutionProperties) = preSolution
		HideSolutionNode = FALSE
	EndGlobalSection
	GlobalSection(ExtensibilityGlobals) = postSolution
		SolutionGuid = {641022FF-C467-4528-BD68-478A3E5002DD}
	EndGlobalSection
EndGlobal
